
Microsoft Visual Studio Solution File, Format Version 11.00
# Visual Studio 2010
Project("{FAE04EC0-301F-11D3-BF4B-00C04F79EFBC}") = "TesterLingvoNET", "Tester\TesterLingvoNET.csproj", "{8220D2D3-38D9-439C-AB90-31DAC578B527}"
EndProject
Project("{FAE04EC0-301F-11D3-BF4B-00C04F79EFBC}") = "LingvoNET", "LingvoNET\LingvoNET.csproj", "{FC93B545-7968-4B97-94DA-09CBC00E3F78}"
EndProject
Global
	GlobalSection(SolutionConfigurationPlatforms) = preSolution
		Debug|Any CPU = Debug|Any CPU
		Debug|Mixed Platforms = Debug|Mixed Platforms
		Debug|x86 = Debug|x86
		Release|Any CPU = Release|Any CPU
		Release|Mixed Platforms = Release|Mixed Platforms
		Release|x86 = Release|x86
	EndGlobalSection
	GlobalSection(ProjectConfigurationPlatforms) = postSolution
		{8220D2D3-38D9-439C-AB90-31DAC578B527}.Debug|Any CPU.ActiveCfg = Debug|x86
		{8220D2D3-38D9-439C-AB90-31DAC578B527}.Debug|Mixed Platforms.ActiveCfg = Debug|x86
		{8220D2D3-38D9-439C-AB90-31DAC578B527}.Debug|Mixed Platforms.Build.0 = Debug|x86
		{8220D2D3-38D9-439C-AB90-31DAC578B527}.Debug|x86.ActiveCfg = Debug|x86
		{8220D2D3-38D9-439C-AB90-31DAC578B527}.Debug|x86.Build.0 = Debug|x86
		{8220D2D3-38D9-439C-AB90-31DAC578B527}.Release|Any CPU.ActiveCfg = Release|x86
		{8220D2D3-38D9-439C-AB90-31DAC578B527}.Release|Mixed Platforms.ActiveCfg = Release|x86
		{8220D2D3-38D9-439C-AB90-31DAC578B527}.Release|Mixed Platforms.Build.0 = Release|x86
		{8220D2D3-38D9-439C-AB90-31DAC578B527}.Release|x86.ActiveCfg = Release|x86
		{8220D2D3-38D9-439C-AB90-31DAC578B527}.Release|x86.Build.0 = Release|x86
		{FC93B545-7968-4B97-94DA-09CBC00E3F78}.Debug|Any CPU.ActiveCfg = Debug|Any CPU
		{FC93B545-7968-4B97-94DA-09CBC00E3F78}.Debug|Any CPU.Build.0 = Debug|Any CPU
		{FC93B545-7968-4B97-94DA-09CBC00E3F78}.Debug|Mixed Platforms.ActiveCfg = Debug|Any CPU
		{FC93B545-7968-4B97-94DA-09CBC00E3F78}.Debug|Mixed Platforms.Build.0 = Debug|Any CPU
		{FC93B545-7968-4B97-94DA-09CBC00E3F78}.Debug|x86.ActiveCfg = Debug|Any CPU
		{FC93B545-7968-4B97-94DA-09CBC00E3F78}.Release|Any CPU.ActiveCfg = Release|Any CPU
		{FC93B545-7968-4B97-94DA-09CBC00E3F78}.Release|Any CPU.Build.0 = Release|Any CPU
		{FC93B545-7968-4B97-94DA-09CBC00E3F78}.Release|Mixed Platforms.ActiveCfg = Release|Any CPU
		{FC93B545-7968-4B97-94DA-09CBC00E3F78}.Release|Mixed Platforms.Build.0 = Release|Any CPU
		{FC93B545-7968-4B97-94DA-09CBC00E3F78}.Release|x86.ActiveCfg = Release|Any CPU
	EndGlobalSection
	GlobalSection(SolutionProperties) = preSolution
		HideSolutionNode = FALSE
	EndGlobalSection
EndGlobal
